
Microsoft Visual Studio Solution File, Format Version 12.00
# Visual Studio 15
VisualStudioVersion = 15.0.27703.2026
MinimumVisualStudioVersion = 10.0.40219.1
Project("{FAE04EC0-301F-11D3-BF4B-00C04F79EFBC}") = "BFS_CSharpConsoleSimple", "BFS_CSharpConsoleSimple\BFS_CSharpConsoleSimple.csproj", "{30D17979-AEF0-48BA-8B0E-80E7696C8A79}"
EndProject
Global
	GlobalSection(SolutionConfigurationPlatforms) = preSolution
		Debug|Any CPU = Debug|Any CPU
		Release|Any CPU = Release|Any CPU
	EndGlobalSection
	GlobalSection(ProjectConfigurationPlatforms) = postSolution
		{30D17979-AEF0-48BA-8B0E-80E7696C8A79}.Debug|Any CPU.ActiveCfg = Debug|Any CPU
		{30D17979-AEF0-48BA-8B0E-80E7696C8A79}.Debug|Any CPU.Build.0 = Debug|Any CPU
		{30D17979-AEF0-48BA-8B0E-80E7696C8A79}.Release|Any CPU.ActiveCfg = Release|Any CPU
		{30D17979-AEF0-48BA-8B0E-80E7696C8A79}.Release|Any CPU.Build.0 = Release|Any CPU
	EndGlobalSection
	GlobalSection(SolutionProperties) = preSolution
		HideSolutionNode = FALSE
	EndGlobalSection
	GlobalSection(ExtensibilityGlobals) = postSolution
		SolutionGuid = {E76E6E78-14F1-4F61-85A1-7CFDF3BD9F7E}
	EndGlobalSection
EndGlobal
